
Microsoft Visual Studio Solution File, Format Version 12.00
# Visual Studio Version 16
VisualStudioVersion = 16.0.29306.81
MinimumVisualStudioVersion = 10.0.40219.1
Project("{FAE04EC0-301F-11D3-BF4B-00C04F79EFBC}") = "P4LABB1", "P4LABB1\P4LABB1.csproj", "{0331398F-D12A-41A8-BC85-A282E422CDBA}"
EndProject
Global
	GlobalSection(SolutionConfigurationPlatforms) = preSolution
		Debug|Any CPU = Debug|Any CPU
		Release|Any CPU = Release|Any CPU
	EndGlobalSection
	GlobalSection(ProjectConfigurationPlatforms) = postSolution
		{0331398F-D12A-41A8-BC85-A282E422CDBA}.Debug|Any CPU.ActiveCfg = Debug|Any CPU
		{0331398F-D12A-41A8-BC85-A282E422CDBA}.Debug|Any CPU.Build.0 = Debug|Any CPU
		{0331398F-D12A-41A8-BC85-A282E422CDBA}.Release|Any CPU.ActiveCfg = Release|Any CPU
		{0331398F-D12A-41A8-BC85-A282E422CDBA}.Release|Any CPU.Build.0 = Release|Any CPU
	EndGlobalSection
	GlobalSection(SolutionProperties) = preSolution
		HideSolutionNode = FALSE
	EndGlobalSection
	GlobalSection(ExtensibilityGlobals) = postSolution
		SolutionGuid = {B5FAEE6D-0881-4F20-B358-FC92964B137C}
	EndGlobalSection
EndGlobal
